
Microsoft Visual Studio Solution File, Format Version 12.00
# Visual Studio Version 17
VisualStudioVersion = 17.5.002.0
MinimumVisualStudioVersion = 10.0.40219.1
Project("{9A19103F-16F7-4668-BE54-9A1E7A4F7556}") = "FrontEnd", "FrontEnd\FrontEnd.csproj", "{464110F0-D726-471D-8ECF-1723DB5BCC75}"
EndProject
Project("{9A19103F-16F7-4668-BE54-9A1E7A4F7556}") = "RestApi", "RestApi\RestApi.csproj", "{ED60AB37-090C-4908-B440-5D6BBB83C268}"
EndProject
Global
	GlobalSection(SolutionConfigurationPlatforms) = preSolution
		Debug|Any CPU = Debug|Any CPU
		Release|Any CPU = Release|Any CPU
	EndGlobalSection
	GlobalSection(ProjectConfigurationPlatforms) = postSolution
		{464110F0-D726-471D-8ECF-1723DB5BCC75}.Debug|Any CPU.ActiveCfg = Debug|Any CPU
		{464110F0-D726-471D-8ECF-1723DB5BCC75}.Debug|Any CPU.Build.0 = Debug|Any CPU
		{464110F0-D726-471D-8ECF-1723DB5BCC75}.Release|Any CPU.ActiveCfg = Release|Any CPU
		{464110F0-D726-471D-8ECF-1723DB5BCC75}.Release|Any CPU.Build.0 = Release|Any CPU
		{ED60AB37-090C-4908-B440-5D6BBB83C268}.Debug|Any CPU.ActiveCfg = Debug|Any CPU
		{ED60AB37-090C-4908-B440-5D6BBB83C268}.Debug|Any CPU.Build.0 = Debug|Any CPU
		{ED60AB37-090C-4908-B440-5D6BBB83C268}.Release|Any CPU.ActiveCfg = Release|Any CPU
		{ED60AB37-090C-4908-B440-5D6BBB83C268}.Release|Any CPU.Build.0 = Release|Any CPU
	EndGlobalSection
	GlobalSection(SolutionProperties) = preSolution
		HideSolutionNode = FALSE
	EndGlobalSection
	GlobalSection(ExtensibilityGlobals) = postSolution
		SolutionGuid = {66556546-12DB-4678-91EC-24E4350A67BA}
	EndGlobalSection
EndGlobal
